{
  "requires": true,
  "lockfileVersion": 1,
  "dependencies": {
    "react-spinners": {
      "version": "0.13.3",
      "resolved": "https://registry.npmjs.org/react-spinners/-/react-spinners-0.13.3.tgz",
      "integrity": "sha512-FHQMH6dAl1Vw4Lxv0H7hbGsjBs0aKNVwjGrDJLuD9R/C3h9+IuBhKJOJyCcegxMaLiBSBV96Tp+XV3OwPK8Vtw=="
    }
  }
}
